PODS:
  - AWSCore (2.4.4)
  - AWSIoT (2.4.4):
    - AWSCore (= 2.4.4)

DEPENDENCIES:
  - AWSIoT (~> 2.4.0)

SPEC CHECKSUMS:
  AWSCore: 67be10cc1e295e8238809e980fb1572b9e2ad8e6
  AWSIoT: 01d8e775d9f7ca48d4d1b09dd746d2f9d4769629

PODFILE CHECKSUM: 658918333508cdfb4ef9f9836114f44f04afcf3f

COCOAPODS: 1.0.1
